
Microsoft Visual Studio Solution File, Format Version 12.00
# Visual Studio Version 16
VisualStudioVersion = 16.0.32510.428
MinimumVisualStudioVersion = 10.0.40219.1
Project("{FAE04EC0-301F-11D3-BF4B-00C04F79EFBC}") = "MINI PROJECT", "MINI PROJECT\MINI PROJECT.csproj", "{A1D11ECD-EEF7-4EF6-A6C8-20A9F14D55A5}"
EndProject
Global
	GlobalSection(SolutionConfigurationPlatforms) = preSolution
		Debug|Any CPU = Debug|Any CPU
		Release|Any CPU = Release|Any CPU
	EndGlobalSection
	GlobalSection(ProjectConfigurationPlatforms) = postSolution
		{A1D11ECD-EEF7-4EF6-A6C8-20A9F14D55A5}.Debug|Any CPU.ActiveCfg = Debug|Any CPU
		{A1D11ECD-EEF7-4EF6-A6C8-20A9F14D55A5}.Debug|Any CPU.Build.0 = Debug|Any CPU
		{A1D11ECD-EEF7-4EF6-A6C8-20A9F14D55A5}.Release|Any CPU.ActiveCfg = Release|Any CPU
		{A1D11ECD-EEF7-4EF6-A6C8-20A9F14D55A5}.Release|Any CPU.Build.0 = Release|Any CPU
	EndGlobalSection
	GlobalSection(SolutionProperties) = preSolution
		HideSolutionNode = FALSE
	EndGlobalSection
	GlobalSection(ExtensibilityGlobals) = postSolution
		SolutionGuid = {6A250B0A-A7FC-436A-8A95-1A3F6C9337F4}
	EndGlobalSection
EndGlobal
